
Microsoft Visual Studio Solution File, Format Version 11.00
# Visual Studio 2010
Project("{2150E333-8FDC-42A3-9474-1A3956D46DE8}") = "Core", "Core", "{2A6E0AA2-E109-4D68-AA93-9F156860C590}"
EndProject
Project("{FAE04EC0-301F-11D3-BF4B-00C04F79EFBC}") = "xInvoke", "xInvoke\xInvoke.csproj", "{4F7E3AB9-91C6-4A88-AE6A-95F980B6FF37}"
EndProject
Project("{2150E333-8FDC-42A3-9474-1A3956D46DE8}") = "Demo", "Demo", "{3261EDCD-464D-4CFE-941D-CB59F10A1428}"
EndProject
Project("{FAE04EC0-301F-11D3-BF4B-00C04F79EFBC}") = "xInvokeDemo Service", "xInvokeDemo Service\xInvokeDemo Service.csproj", "{99FB27A3-892C-412C-88B3-5C773768EF60}"
EndProject
Project("{FAE04EC0-301F-11D3-BF4B-00C04F79EFBC}") = "xInvokeDemoClient", "xInvokeDemoClient\xInvokeDemoClient.csproj", "{571FA719-C1E8-4456-A5D7-96066DF1AF25}"
EndProject
Global
	GlobalSection(TeamFoundationVersionControl) = preSolution
		SccNumberOfProjects = 4
		SccEnterpriseProvider = {4CA58AB2-18FA-4F8D-95D4-32DDF27D184C}
		SccTeamFoundationServer = https://tfs06.codeplex.com/
		SccLocalPath0 = .
		SccProjectUniqueName1 = xInvoke\\xInvoke.csproj
		SccProjectTopLevelParentUniqueName1 = CroCodIle.sln
		SccProjectName1 = xInvoke
		SccLocalPath1 = xInvoke
		SccProjectUniqueName2 = xInvokeDemo\u0020Service\\xInvokeDemo\u0020Service.csproj
		SccProjectTopLevelParentUniqueName2 = CroCodIle.sln
		SccProjectName2 = xInvokeDemo\u0020Service
		SccLocalPath2 = xInvokeDemo\u0020Service
		SccProjectUniqueName3 = xInvokeDemoClient\\xInvokeDemoClient.csproj
		SccProjectTopLevelParentUniqueName3 = CroCodIle.sln
		SccProjectName3 = xInvokeDemoClient
		SccLocalPath3 = xInvokeDemoClient
	EndGlobalSection
	GlobalSection(SolutionConfigurationPlatforms) = preSolution
		Debug|Any CPU = Debug|Any CPU
		Debug|Mixed Platforms = Debug|Mixed Platforms
		Debug|x86 = Debug|x86
		Release|Any CPU = Release|Any CPU
		Release|Mixed Platforms = Release|Mixed Platforms
		Release|x86 = Release|x86
	EndGlobalSection
	GlobalSection(ProjectConfigurationPlatforms) = postSolution
		{4F7E3AB9-91C6-4A88-AE6A-95F980B6FF37}.Debug|Any CPU.ActiveCfg = Debug|Any CPU
		{4F7E3AB9-91C6-4A88-AE6A-95F980B6FF37}.Debug|Any CPU.Build.0 = Debug|Any CPU
		{4F7E3AB9-91C6-4A88-AE6A-95F980B6FF37}.Debug|Mixed Platforms.ActiveCfg = Debug|Any CPU
		{4F7E3AB9-91C6-4A88-AE6A-95F980B6FF37}.Debug|Mixed Platforms.Build.0 = Debug|Any CPU
		{4F7E3AB9-91C6-4A88-AE6A-95F980B6FF37}.Debug|x86.ActiveCfg = Debug|Any CPU
		{4F7E3AB9-91C6-4A88-AE6A-95F980B6FF37}.Release|Any CPU.ActiveCfg = Release|Any CPU
		{4F7E3AB9-91C6-4A88-AE6A-95F980B6FF37}.Release|Any CPU.Build.0 = Release|Any CPU
		{4F7E3AB9-91C6-4A88-AE6A-95F980B6FF37}.Release|Mixed Platforms.ActiveCfg = Release|Any CPU
		{4F7E3AB9-91C6-4A88-AE6A-95F980B6FF37}.Release|Mixed Platforms.Build.0 = Release|Any CPU
		{4F7E3AB9-91C6-4A88-AE6A-95F980B6FF37}.Release|x86.ActiveCfg = Release|Any CPU
		{99FB27A3-892C-412C-88B3-5C773768EF60}.Debug|Any CPU.ActiveCfg = Debug|x86
		{99FB27A3-892C-412C-88B3-5C773768EF60}.Debug|Mixed Platforms.ActiveCfg = Debug|x86
		{99FB27A3-892C-412C-88B3-5C773768EF60}.Debug|Mixed Platforms.Build.0 = Debug|x86
		{99FB27A3-892C-412C-88B3-5C773768EF60}.Debug|x86.ActiveCfg = Debug|x86
		{99FB27A3-892C-412C-88B3-5C773768EF60}.Debug|x86.Build.0 = Debug|x86
		{99FB27A3-892C-412C-88B3-5C773768EF60}.Release|Any CPU.ActiveCfg = Release|x86
		{99FB27A3-892C-412C-88B3-5C773768EF60}.Release|Mixed Platforms.ActiveCfg = Release|x86
		{99FB27A3-892C-412C-88B3-5C773768EF60}.Release|Mixed Platforms.Build.0 = Release|x86
		{99FB27A3-892C-412C-88B3-5C773768EF60}.Release|x86.ActiveCfg = Release|x86
		{99FB27A3-892C-412C-88B3-5C773768EF60}.Release|x86.Build.0 = Release|x86
		{571FA719-C1E8-4456-A5D7-96066DF1AF25}.Debug|Any CPU.ActiveCfg = Debug|x86
		{571FA719-C1E8-4456-A5D7-96066DF1AF25}.Debug|Mixed Platforms.ActiveCfg = Debug|x86
		{571FA719-C1E8-4456-A5D7-96066DF1AF25}.Debug|Mixed Platforms.Build.0 = Debug|x86
		{571FA719-C1E8-4456-A5D7-96066DF1AF25}.Debug|x86.ActiveCfg = Debug|x86
		{571FA719-C1E8-4456-A5D7-96066DF1AF25}.Debug|x86.Build.0 = Debug|x86
		{571FA719-C1E8-4456-A5D7-96066DF1AF25}.Release|Any CPU.ActiveCfg = Release|x86
		{571FA719-C1E8-4456-A5D7-96066DF1AF25}.Release|Mixed Platforms.ActiveCfg = Release|x86
		{571FA719-C1E8-4456-A5D7-96066DF1AF25}.Release|Mixed Platforms.Build.0 = Release|x86
		{571FA719-C1E8-4456-A5D7-96066DF1AF25}.Release|x86.ActiveCfg = Release|x86
		{571FA719-C1E8-4456-A5D7-96066DF1AF25}.Release|x86.Build.0 = Release|x86
	EndGlobalSection
	GlobalSection(SolutionProperties) = preSolution
		HideSolutionNode = FALSE
	EndGlobalSection
	GlobalSection(NestedProjects) = preSolution
		{4F7E3AB9-91C6-4A88-AE6A-95F980B6FF37} = {2A6E0AA2-E109-4D68-AA93-9F156860C590}
		{99FB27A3-892C-412C-88B3-5C773768EF60} = {3261EDCD-464D-4CFE-941D-CB59F10A1428}
		{571FA719-C1E8-4456-A5D7-96066DF1AF25} = {3261EDCD-464D-4CFE-941D-CB59F10A1428}
	EndGlobalSection
EndGlobal
